// !$*UTF8*$!
{
	archiveVersion = 1;
	classes = {
	};
	objectVersion = 46;
	objects = {

/* Begin PBXBuildFile section */
		E308DB0518F98618005AA4D7 /* Foundation.framework in Frameworks */ = {isa = PBXBuildFile; fileRef = E308DB0418F98618005AA4D7 /* Foundation.framework */; };
		E308DB0718F98618005AA4D7 /* CoreGraphics.framework in Frameworks */ = {isa = PBXBuildFile; fileRef = E308DB0618F98618005AA4D7 /* CoreGraphics.framework */; };
		E308DB0918F98618005AA4D7 /* UIKit.framework in Frameworks */ = {isa = PBXBuildFile; fileRef = E308DB0818F98618005AA4D7 /* UIKit.framework */; };
		E308DB0F18F98618005AA4D7 /* InfoPlist.strings in Resources */ = {isa = PBXBuildFile; fileRef = E308DB0D18F98618005AA4D7 /* InfoPlist.strings */; };
		E308DB1118F98618005AA4D7 /* main.m in Sources */ = {isa = PBXBuildFile; fileRef = E308DB1018F98618005AA4D7 /* main.m */; };
		E308DB1518F98618005AA4D7 /* AppDelegate.m in Sources */ = {isa = PBXBuildFile; fileRef = E308DB1418F98618005AA4D7 /* AppDelegate.m */; };
		E308DB1818F98618005AA4D7 /* Main.storyboard in Resources */ = {isa = PBXBuildFile; fileRef = E308DB1618F98618005AA4D7 /* Main.storyboard */; };
		E308DB1D18F98618005AA4D7 /* Images.xcassets in Resources */ = {isa = PBXBuildFile; fileRef = E308DB1C18F98618005AA4D7 /* Images.xcassets */; };
		E308DB2418F98618005AA4D7 /* XCTest.framework in Frameworks */ = {isa = PBXBuildFile; fileRef = E308DB2318F98618005AA4D7 /* XCTest.framework */; };
		E308DB2518F98618005AA4D7 /* Foundation.framework in Frameworks */ = {isa = PBXBuildFile; fileRef = E308DB0418F98618005AA4D7 /* Foundation.framework */; };
		E308DB2618F98618005AA4D7 /* UIKit.framework in Frameworks */ = {isa = PBXBuildFile; fileRef = E308DB0818F98618005AA4D7 /* UIKit.framework */; };
		E308DB2E18F98618005AA4D7 /* InfoPlist.strings in Resources */ = {isa = PBXBuildFile; fileRef = E308DB2C18F98618005AA4D7 /* InfoPlist.strings */; };
		E308DB3018F98618005AA4D7 /* BookLibraryTests.m in Sources */ = {isa = PBXBuildFile; fileRef = E308DB2F18F98618005AA4D7 /* BookLibraryTests.m */; };
		E308DB3B18F986E6005AA4D7 /* dropdown.png in Resources */ = {isa = PBXBuildFile; fileRef = E308DB3A18F986E6005AA4D7 /* dropdown.png */; };
		E308DB4018F986FD005AA4D7 /* PasswordHelp.m in Sources */ = {isa = PBXBuildFile; fileRef = E308DB3D18F986FD005AA4D7 /* PasswordHelp.m */; };
		E308DB4118F986FD005AA4D7 /* Registration.m in Sources */ = {isa = PBXBuildFile; fileRef = E308DB3F18F986FD005AA4D7 /* Registration.m */; };
		E34231A8191B27AC0069E856 /* LoanDetail.m in Sources */ = {isa = PBXBuildFile; fileRef = E34231A7191B27AC0069E856 /* LoanDetail.m */; };
		E3656A571904826C0084A562 /* LoginViewController.m in Sources */ = {isa = PBXBuildFile; fileRef = E3656A541904826C0084A562 /* LoginViewController.m */; };
		E3656A581904826C0084A562 /* MyLibrary.m in Sources */ = {isa = PBXBuildFile; fileRef = E3656A561904826C0084A562 /* MyLibrary.m */; };
		E3656A5E1905642A0084A562 /* Book.m in Sources */ = {isa = PBXBuildFile; fileRef = E3656A5D1905642A0084A562 /* Book.m */; };
		E366131B1919C27F00858E19 /* ResponseObject.m in Sources */ = {isa = PBXBuildFile; fileRef = E366131A1919C27F00858E19 /* ResponseObject.m */; };
		E38ACB2918FCDB48002C110D /* BookSearch.m in Sources */ = {isa = PBXBuildFile; fileRef = E38ACB2818FCDB48002C110D /* BookSearch.m */; };
		E38ACB2D18FCDD99002C110D /* MyBookSearch.m in Sources */ = {isa = PBXBuildFile; fileRef = E38ACB2C18FCDD99002C110D /* MyBookSearch.m */; };
		E38ACB3318FCE707002C110D /* BookDetails.m in Sources */ = {isa = PBXBuildFile; fileRef = E38ACB3218FCE707002C110D /* BookDetails.m */; };
		E3B4AEBA190BFC6A00F1BD18 /* Account.m in Sources */ = {isa = PBXBuildFile; fileRef = E3B4AEB9190BFC6A00F1BD18 /* Account.m */; };
		E3B4AEBD190BFCDB00F1BD18 /* User.m in Sources */ = {isa = PBXBuildFile; fileRef = E3B4AEBC190BFCDB00F1BD18 /* User.m */; };
		E3B4AEC0190C022800F1BD18 /* BookManager.m in Sources */ = {isa = PBXBuildFile; fileRef = E3B4AEBF190C022800F1BD18 /* BookManager.m */; };
		E3B4AEC3190C05C000F1BD18 /* RESTService.m in Sources */ = {isa = PBXBuildFile; fileRef = E3B4AEC2190C05C000F1BD18 /* RESTService.m */; };
		E3B5C778190EC464006760EE /* BookDetailTabController.m in Sources */ = {isa = PBXBuildFile; fileRef = E3B5C777190EC464006760EE /* BookDetailTabController.m */; };
		E3DBDAF318F9A3F000B7D2D7 /* Home.m in Sources */ = {isa = PBXBuildFile; fileRef = E3DBDAF218F9A3F000B7D2D7 /* Home.m */; };
		E3DE97971919F15C007527AF /* AccountSettings.m in Sources */ = {isa = PBXBuildFile; fileRef = E3DE97961919F15C007527AF /* AccountSettings.m */; };
		E3F10C6719109393006DF2BE /* LendersViewController.m in Sources */ = {isa = PBXBuildFile; fileRef = E3F10C6619109393006DF2BE /* LendersViewController.m */; };
		E3F10C6A1910A083006DF2BE /* Review.m in Sources */ = {isa = PBXBuildFile; fileRef = E3F10C691910A083006DF2BE /* Review.m */; };
		E3F10C6D1910A48A006DF2BE /* BookReviews.m in Sources */ = {isa = PBXBuildFile; fileRef = E3F10C6C1910A48A006DF2BE /* BookReviews.m */; };
/* End PBXBuildFile section */

/* Begin PBXContainerItemProxy section */
		E308DB2718F98618005AA4D7 /* PBXContainerItemProxy */ = {
			isa = PBXContainerItemProxy;
			containerPortal = E308DAF918F98618005AA4D7 /* Project object */;
			proxyType = 1;
			remoteGlobalIDString = E308DB0018F98618005AA4D7;
			remoteInfo = BookLibrary;
		};
/* End PBXContainerItemProxy section */

/* Begin PBXFileReference section */
		E308DB0118F98618005AA4D7 /* BookLibrary.app */ = {isa = PBXFileReference; explicitFileType = wrapper.application; includeInIndex = 0; path = BookLibrary.app; sourceTree = BUILT_PRODUCTS_DIR; };
		E308DB0418F98618005AA4D7 /* Foundation.framework */ = {isa = PBXFileReference; lastKnownFileType = wrapper.framework; name = Foundation.framework; path = System/Library/Frameworks/Foundation.framework; sourceTree = SDKROOT; };
		E308DB0618F98618005AA4D7 /* CoreGraphics.framework */ = {isa = PBXFileReference; lastKnownFileType = wrapper.framework; name = CoreGraphics.framework; path = System/Library/Frameworks/CoreGraphics.framework; sourceTree = SDKROOT; };
		E308DB0818F98618005AA4D7 /* UIKit.framework */ = {isa = PBXFileReference; lastKnownFileType = wrapper.framework; name = UIKit.framework; path = System/Library/Frameworks/UIKit.framework; sourceTree = SDKROOT; };
		E308DB0C18F98618005AA4D7 /* BookLibrary-Info.plist */ = {isa = PBXFileReference; lastKnownFileType = text.plist.xml; path = "BookLibrary-Info.plist"; sourceTree = "<group>"; };
		E308DB0E18F98618005AA4D7 /* en */ = {isa = PBXFileReference; lastKnownFileType = text.plist.strings; name = en; path = en.lproj/InfoPlist.strings; sourceTree = "<group>"; };
		E308DB1018F98618005AA4D7 /* main.m */ = {isa = PBXFileReference; lastKnownFileType = sourcecode.c.objc; path = main.m; sourceTree = "<group>"; };
		E308DB1218F98618005AA4D7 /* BookLibrary-Prefix.pch */ = {isa = PBXFileReference; lastKnownFileType = sourcecode.c.h; path = "BookLibrary-Prefix.pch"; sourceTree = "<group>"; };
		E308DB1318F98618005AA4D7 /* AppDelegate.h */ = {isa = PBXFileReference; lastKnownFileType = sourcecode.c.h; path = AppDelegate.h; sourceTree = "<group>"; };
		E308DB1418F98618005AA4D7 /* AppDelegate.m */ = {isa = PBXFileReference; lastKnownFileType = sourcecode.c.objc; path = AppDelegate.m; sourceTree = "<group>"; };
		E308DB1718F98618005AA4D7 /* Base */ = {isa = PBXFileReference; lastKnownFileType = file.storyboard; name = Base; path = Base.lproj/Main.storyboard; sourceTree = "<group>"; };
		E308DB1C18F98618005AA4D7 /* Images.xcassets */ = {isa = PBXFileReference; lastKnownFileType = folder.assetcatalog; path = Images.xcassets; sourceTree = "<group>"; };
		E308DB2218F98618005AA4D7 /* BookLibraryTests.xctest */ = {isa = PBXFileReference; explicitFileType = wrapper.cfbundle; includeInIndex = 0; path = BookLibraryTests.xctest; sourceTree = BUILT_PRODUCTS_DIR; };
		E308DB2318F98618005AA4D7 /* XCTest.framework */ = {isa = PBXFileReference; lastKnownFileType = wrapper.framework; name = XCTest.framework; path = Library/Frameworks/XCTest.framework; sourceTree = DEVELOPER_DIR; };
		E308DB2B18F98618005AA4D7 /* BookLibraryTests-Info.plist */ = {isa = PBXFileReference; lastKnownFileType = text.plist.xml; path = "BookLibraryTests-Info.plist"; sourceTree = "<group>"; };
		E308DB2D18F98618005AA4D7 /* en */ = {isa = PBXFileReference; lastKnownFileType = text.plist.strings; name = en; path = en.lproj/InfoPlist.strings; sourceTree = "<group>"; };
		E308DB2F18F98618005AA4D7 /* BookLibraryTests.m */ = {isa = PBXFileReference; lastKnownFileType = sourcecode.c.objc; path = BookLibraryTests.m; sourceTree = "<group>"; };
		E308DB3A18F986E6005AA4D7 /* dropdown.png */ = {isa = PBXFileReference; lastKnownFileType = image.png; path = dropdown.png; sourceTree = "<group>"; };
		E308DB3C18F986FD005AA4D7 /* PasswordHelp.h */ = {isa = PBXFileReference; fileEncoding = 4; lastKnownFileType = sourcecode.c.h; path = PasswordHelp.h; sourceTree = "<group>"; };
		E308DB3D18F986FD005AA4D7 /* PasswordHelp.m */ = {isa = PBXFileReference; fileEncoding = 4; lastKnownFileType = sourcecode.c.objc; path = PasswordHelp.m; sourceTree = "<group>"; };
		E308DB3E18F986FD005AA4D7 /* Registration.h */ = {isa = PBXFileReference; fileEncoding = 4; lastKnownFileType = sourcecode.c.h; path = Registration.h; sourceTree = "<group>"; };
		E308DB3F18F986FD005AA4D7 /* Registration.m */ = {isa = PBXFileReference; fileEncoding = 4; lastKnownFileType = sourcecode.c.objc; path = Registration.m; sourceTree = "<group>"; };
		E34231A6191B27AC0069E856 /* LoanDetail.h */ = {isa = PBXFileReference; fileEncoding = 4; lastKnownFileType = sourcecode.c.h; name = LoanDetail.h; path = Models/LoanDetail.h; sourceTree = "<group>"; };
		E34231A7191B27AC0069E856 /* LoanDetail.m */ = {isa = PBXFileReference; fileEncoding = 4; lastKnownFileType = sourcecode.c.objc; name = LoanDetail.m; path = Models/LoanDetail.m; sourceTree = "<group>"; };
		E3656A531904826C0084A562 /* LoginViewController.h */ = {isa = PBXFileReference; fileEncoding = 4; lastKnownFileType = sourcecode.c.h; path = LoginViewController.h; sourceTree = "<group>"; };
		E3656A541904826C0084A562 /* LoginViewController.m */ = {isa = PBXFileReference; fileEncoding = 4; lastKnownFileType = sourcecode.c.objc; path = LoginViewController.m; sourceTree = "<group>"; };
		E3656A551904826C0084A562 /* MyLibrary.h */ = {isa = PBXFileReference; fileEncoding = 4; lastKnownFileType = sourcecode.c.h; path = MyLibrary.h; sourceTree = "<group>"; };
		E3656A561904826C0084A562 /* MyLibrary.m */ = {isa = PBXFileReference; fileEncoding = 4; lastKnownFileType = sourcecode.c.objc; path = MyLibrary.m; sourceTree = "<group>"; };
		E3656A5C1905642A0084A562 /* Book.h */ = {isa = PBXFileReference; fileEncoding = 4; lastKnownFileType = sourcecode.c.h; name = Book.h; path = Models/Book.h; sourceTree = "<group>"; };
		E3656A5D1905642A0084A562 /* Book.m */ = {isa = PBXFileReference; fileEncoding = 4; lastKnownFileType = sourcecode.c.objc; name = Book.m; path = Models/Book.m; sourceTree = "<group>"; };
		E36613191919C27F00858E19 /* ResponseObject.h */ = {isa = PBXFileReference; fileEncoding = 4; lastKnownFileType = sourcecode.c.h; name = ResponseObject.h; path = RESTHelpers/ResponseObject.h; sourceTree = "<group>"; };
		E366131A1919C27F00858E19 /* ResponseObject.m */ = {isa = PBXFileReference; fileEncoding = 4; lastKnownFileType = sourcecode.c.objc; name = ResponseObject.m; path = RESTHelpers/ResponseObject.m; sourceTree = "<group>"; };
		E38ACB2718FCDB48002C110D /* BookSearch.h */ = {isa = PBXFileReference; fileEncoding = 4; lastKnownFileType = sourcecode.c.h; path = BookSearch.h; sourceTree = "<group>"; };
		E38ACB2818FCDB48002C110D /* BookSearch.m */ = {isa = PBXFileReference; fileEncoding = 4; lastKnownFileType = sourcecode.c.objc; path = BookSearch.m; sourceTree = "<group>"; };
		E38ACB2B18FCDD99002C110D /* MyBookSearch.h */ = {isa = PBXFileReference; fileEncoding = 4; lastKnownFileType = sourcecode.c.h; path = MyBookSearch.h; sourceTree = "<group>"; };
		E38ACB2C18FCDD99002C110D /* MyBookSearch.m */ = {isa = PBXFileReference; fileEncoding = 4; lastKnownFileType = sourcecode.c.objc; path = MyBookSearch.m; sourceTree = "<group>"; };
		E38ACB3118FCE707002C110D /* BookDetails.h */ = {isa = PBXFileReference; fileEncoding = 4; lastKnownFileType = sourcecode.c.h; path = BookDetails.h; sourceTree = "<group>"; };
		E38ACB3218FCE707002C110D /* BookDetails.m */ = {isa = PBXFileReference; fileEncoding = 4; lastKnownFileType = sourcecode.c.objc; path = BookDetails.m; sourceTree = "<group>"; };
		E3B4AEB8190BFC6A00F1BD18 /* Account.h */ = {isa = PBXFileReference; fileEncoding = 4; lastKnownFileType = sourcecode.c.h; name = Account.h; path = RESTHelpers/Account.h; sourceTree = "<group>"; };
		E3B4AEB9190BFC6A00F1BD18 /* Account.m */ = {isa = PBXFileReference; fileEncoding = 4; lastKnownFileType = sourcecode.c.objc; name = Account.m; path = RESTHelpers/Account.m; sourceTree = "<group>"; };
		E3B4AEBB190BFCDB00F1BD18 /* User.h */ = {isa = PBXFileReference; fileEncoding = 4; lastKnownFileType = sourcecode.c.h; name = User.h; path = Models/User.h; sourceTree = "<group>"; };
		E3B4AEBC190BFCDB00F1BD18 /* User.m */ = {isa = PBXFileReference; fileEncoding = 4; lastKnownFileType = sourcecode.c.objc; name = User.m; path = Models/User.m; sourceTree = "<group>"; };
		E3B4AEBE190C022800F1BD18 /* BookManager.h */ = {isa = PBXFileReference; fileEncoding = 4; lastKnownFileType = sourcecode.c.h; name = BookManager.h; path = RESTHelpers/BookManager.h; sourceTree = "<group>"; };
		E3B4AEBF190C022800F1BD18 /* BookManager.m */ = {isa = PBXFileReference; fileEncoding = 4; lastKnownFileType = sourcecode.c.objc; name = BookManager.m; path = RESTHelpers/BookManager.m; sourceTree = "<group>"; };
		E3B4AEC1190C05C000F1BD18 /* RESTService.h */ = {isa = PBXFileReference; fileEncoding = 4; lastKnownFileType = sourcecode.c.h; name = RESTService.h; path = RESTHelpers/RESTService.h; sourceTree = "<group>"; };
		E3B4AEC2190C05C000F1BD18 /* RESTService.m */ = {isa = PBXFileReference; fileEncoding = 4; lastKnownFileType = sourcecode.c.objc; name = RESTService.m; path = RESTHelpers/RESTService.m; sourceTree = "<group>"; };
		E3B5C776190EC464006760EE /* BookDetailTabController.h */ = {isa = PBXFileReference; fileEncoding = 4; lastKnownFileType = sourcecode.c.h; path = BookDetailTabController.h; sourceTree = "<group>"; };
		E3B5C777190EC464006760EE /* BookDetailTabController.m */ = {isa = PBXFileReference; fileEncoding = 4; lastKnownFileType = sourcecode.c.objc; path = BookDetailTabController.m; sourceTree = "<group>"; };
		E3DBDAF118F9A3F000B7D2D7 /* Home.h */ = {isa = PBXFileReference; fileEncoding = 4; lastKnownFileType = sourcecode.c.h; path = Home.h; sourceTree = "<group>"; };
		E3DBDAF218F9A3F000B7D2D7 /* Home.m */ = {isa = PBXFileReference; fileEncoding = 4; lastKnownFileType = sourcecode.c.objc; path = Home.m; sourceTree = "<group>"; };
		E3DE97951919F15C007527AF /* AccountSettings.h */ = {isa = PBXFileReference; fileEncoding = 4; lastKnownFileType = sourcecode.c.h; path = AccountSettings.h; sourceTree = "<group>"; };
		E3DE97961919F15C007527AF /* AccountSettings.m */ = {isa = PBXFileReference; fileEncoding = 4; lastKnownFileType = sourcecode.c.objc; path = AccountSettings.m; sourceTree = "<group>"; };
		E3F10C6519109393006DF2BE /* LendersViewController.h */ = {isa = PBXFileReference; fileEncoding = 4; lastKnownFileType = sourcecode.c.h; path = LendersViewController.h; sourceTree = "<group>"; };
		E3F10C6619109393006DF2BE /* LendersViewController.m */ = {isa = PBXFileReference; fileEncoding = 4; lastKnownFileType = sourcecode.c.objc; path = LendersViewController.m; sourceTree = "<group>"; };
		E3F10C681910A083006DF2BE /* Review.h */ = {isa = PBXFileReference; fileEncoding = 4; lastKnownFileType = sourcecode.c.h; name = Review.h; path = Models/Review.h; sourceTree = "<group>"; };
		E3F10C691910A083006DF2BE /* Review.m */ = {isa = PBXFileReference; fileEncoding = 4; lastKnownFileType = sourcecode.c.objc; name = Review.m; path = Models/Review.m; sourceTree = "<group>"; };
		E3F10C6B1910A48A006DF2BE /* BookReviews.h */ = {isa = PBXFileReference; fileEncoding = 4; lastKnownFileType = sourcecode.c.h; path = BookReviews.h; sourceTree = "<group>"; };
		E3F10C6C1910A48A006DF2BE /* BookReviews.m */ = {isa = PBXFileReference; fileEncoding = 4; lastKnownFileType = sourcecode.c.objc; path = BookReviews.m; sourceTree = "<group>"; };
/* End PBXFileReference section */

/* Begin PBXFrameworksBuildPhase section */
		E308DAFE18F98618005AA4D7 /* Frameworks */ = {
			isa = PBXFrameworksBuildPhase;
			buildActionMask = 2147483647;
			files = (
				E308DB0718F98618005AA4D7 /* CoreGraphics.framework in Frameworks */,
				E308DB0918F98618005AA4D7 /* UIKit.framework in Frameworks */,
				E308DB0518F98618005AA4D7 /* Foundation.framework in Frameworks */,
			);
			runOnlyForDeploymentPostprocessing = 0;
		};
		E308DB1F18F98618005AA4D7 /* Frameworks */ = {
			isa = PBXFrameworksBuildPhase;
			buildActionMask = 2147483647;
			files = (
				E308DB2418F98618005AA4D7 /* XCTest.framework in Frameworks */,
				E308DB2618F98618005AA4D7 /* UIKit.framework in Frameworks */,
				E308DB2518F98618005AA4D7 /* Foundation.framework in Frameworks */,
			);
			runOnlyForDeploymentPostprocessing = 0;
		};
/* End PBXFrameworksBuildPhase section */

/* Begin PBXGroup section */
		E308DAF818F98618005AA4D7 = {
			isa = PBXGroup;
			children = (
				E308DB0A18F98618005AA4D7 /* BookLibrary */,
				E308DB2918F98618005AA4D7 /* BookLibraryTests */,
				E308DB0318F98618005AA4D7 /* Frameworks */,
				E308DB0218F98618005AA4D7 /* Products */,
			);
			sourceTree = "<group>";
		};
		E308DB0218F98618005AA4D7 /* Products */ = {
			isa = PBXGroup;
			children = (
				E308DB0118F98618005AA4D7 /* BookLibrary.app */,
				E308DB2218F98618005AA4D7 /* BookLibraryTests.xctest */,
			);
			name = Products;
			sourceTree = "<group>";
		};
		E308DB0318F98618005AA4D7 /* Frameworks */ = {
			isa = PBXGroup;
			children = (
				E308DB0418F98618005AA4D7 /* Foundation.framework */,
				E308DB0618F98618005AA4D7 /* CoreGraphics.framework */,
				E308DB0818F98618005AA4D7 /* UIKit.framework */,
				E308DB2318F98618005AA4D7 /* XCTest.framework */,
			);
			name = Frameworks;
			sourceTree = "<group>";
		};
		E308DB0A18F98618005AA4D7 /* BookLibrary */ = {
			isa = PBXGroup;
			children = (
				E3B4AEB7190BFBAF00F1BD18 /* RESTHelpers */,
				E3656A5919055F0C0084A562 /* Models */,
				E38ACB2A18FCDBD3002C110D /* Controllers */,
				E308DB3918F986E6005AA4D7 /* graphics */,
				E308DB1318F98618005AA4D7 /* AppDelegate.h */,
				E308DB1418F98618005AA4D7 /* AppDelegate.m */,
				E308DB1618F98618005AA4D7 /* Main.storyboard */,
				E308DB1C18F98618005AA4D7 /* Images.xcassets */,
				E308DB0B18F98618005AA4D7 /* Supporting Files */,
			);
			path = BookLibrary;
			sourceTree = "<group>";
		};
		E308DB0B18F98618005AA4D7 /* Supporting Files */ = {
			isa = PBXGroup;
			children = (
				E308DB0C18F98618005AA4D7 /* BookLibrary-Info.plist */,
				E308DB0D18F98618005AA4D7 /* InfoPlist.strings */,
				E308DB1018F98618005AA4D7 /* main.m */,
				E308DB1218F98618005AA4D7 /* BookLibrary-Prefix.pch */,
			);
			name = "Supporting Files";
			sourceTree = "<group>";
		};
		E308DB2918F98618005AA4D7 /* BookLibraryTests */ = {
			isa = PBXGroup;
			children = (
				E308DB2F18F98618005AA4D7 /* BookLibraryTests.m */,
				E308DB2A18F98618005AA4D7 /* Supporting Files */,
			);
			path = BookLibraryTests;
			sourceTree = "<group>";
		};
		E308DB2A18F98618005AA4D7 /* Supporting Files */ = {
			isa = PBXGroup;
			children = (
				E308DB2B18F98618005AA4D7 /* BookLibraryTests-Info.plist */,
				E308DB2C18F98618005AA4D7 /* InfoPlist.strings */,
			);
			name = "Supporting Files";
			sourceTree = "<group>";
		};
		E308DB3918F986E6005AA4D7 /* graphics */ = {
			isa = PBXGroup;
			children = (
				E308DB3A18F986E6005AA4D7 /* dropdown.png */,
			);
			path = graphics;
			sourceTree = "<group>";
		};
		E3656A5919055F0C0084A562 /* Models */ = {
			isa = PBXGroup;
			children = (
				E3656A5C1905642A0084A562 /* Book.h */,
				E3656A5D1905642A0084A562 /* Book.m */,
				E3B4AEBB190BFCDB00F1BD18 /* User.h */,
				E3B4AEBC190BFCDB00F1BD18 /* User.m */,
				E3F10C681910A083006DF2BE /* Review.h */,
				E3F10C691910A083006DF2BE /* Review.m */,
				E34231A6191B27AC0069E856 /* LoanDetail.h */,
				E34231A7191B27AC0069E856 /* LoanDetail.m */,
			);
			name = Models;
			sourceTree = "<group>";
		};
		E38ACB2A18FCDBD3002C110D /* Controllers */ = {
			isa = PBXGroup;
			children = (
				E3656A531904826C0084A562 /* LoginViewController.h */,
				E3656A541904826C0084A562 /* LoginViewController.m */,
				E3656A551904826C0084A562 /* MyLibrary.h */,
				E3656A561904826C0084A562 /* MyLibrary.m */,
				E308DB3C18F986FD005AA4D7 /* PasswordHelp.h */,
				E308DB3D18F986FD005AA4D7 /* PasswordHelp.m */,
				E308DB3E18F986FD005AA4D7 /* Registration.h */,
				E308DB3F18F986FD005AA4D7 /* Registration.m */,
				E3DBDAF118F9A3F000B7D2D7 /* Home.h */,
				E3DBDAF218F9A3F000B7D2D7 /* Home.m */,
				E38ACB2718FCDB48002C110D /* BookSearch.h */,
				E38ACB2818FCDB48002C110D /* BookSearch.m */,
				E38ACB2B18FCDD99002C110D /* MyBookSearch.h */,
				E38ACB2C18FCDD99002C110D /* MyBookSearch.m */,
				E38ACB3118FCE707002C110D /* BookDetails.h */,
				E38ACB3218FCE707002C110D /* BookDetails.m */,
				E3B5C776190EC464006760EE /* BookDetailTabController.h */,
				E3B5C777190EC464006760EE /* BookDetailTabController.m */,
				E3F10C6519109393006DF2BE /* LendersViewController.h */,
				E3F10C6619109393006DF2BE /* LendersViewController.m */,
				E3F10C6B1910A48A006DF2BE /* BookReviews.h */,
				E3F10C6C1910A48A006DF2BE /* BookReviews.m */,
				E3DE97951919F15C007527AF /* AccountSettings.h */,
				E3DE97961919F15C007527AF /* AccountSettings.m */,
			);
			name = Controllers;
			sourceTree = "<group>";
		};
		E3B4AEB7190BFBAF00F1BD18 /* RESTHelpers */ = {
			isa = PBXGroup;
			children = (
				E3B4AEB8190BFC6A00F1BD18 /* Account.h */,
				E3B4AEB9190BFC6A00F1BD18 /* Account.m */,
				E3B4AEBE190C022800F1BD18 /* BookManager.h */,
				E3B4AEBF190C022800F1BD18 /* BookManager.m */,
				E3B4AEC1190C05C000F1BD18 /* RESTService.h */,
				E3B4AEC2190C05C000F1BD18 /* RESTService.m */,
				E36613191919C27F00858E19 /* ResponseObject.h */,
				E366131A1919C27F00858E19 /* ResponseObject.m */,
			);
			name = RESTHelpers;
			sourceTree = "<group>";
		};
/* End PBXGroup section */

/* Begin PBXNativeTarget section */
		E308DB0018F98618005AA4D7 /* BookLibrary */ = {
			isa = PBXNativeTarget;
			buildConfigurationList = E308DB3318F98618005AA4D7 /* Build configuration list for PBXNativeTarget "BookLibrary" */;
			buildPhases = (
				E308DAFD18F98618005AA4D7 /* Sources */,
				E308DAFE18F98618005AA4D7 /* Frameworks */,
				E308DAFF18F98618005AA4D7 /* Resources */,
			);
			buildRules = (
			);
			dependencies = (
			);
			name = BookLibrary;
			productName = BookLibrary;
			productReference = E308DB0118F98618005AA4D7 /* BookLibrary.app */;
			productType = "com.apple.product-type.application";
		};
		E308DB2118F98618005AA4D7 /* BookLibraryTests */ = {
			isa = PBXNativeTarget;
			buildConfigurationList = E308DB3618F98618005AA4D7 /* Build configuration list for PBXNativeTarget "BookLibraryTests" */;
			buildPhases = (
				E308DB1E18F98618005AA4D7 /* Sources */,
				E308DB1F18F98618005AA4D7 /* Frameworks */,
				E308DB2018F98618005AA4D7 /* Resources */,
			);
			buildRules = (
			);
			dependencies = (
				E308DB2818F98618005AA4D7 /* PBXTargetDependency */,
			);
			name = BookLibraryTests;
			productName = BookLibraryTests;
			productReference = E308DB2218F98618005AA4D7 /* BookLibraryTests.xctest */;
			productType = "com.apple.product-type.bundle.unit-test";
		};
/* End PBXNativeTarget section */

/* Begin PBXProject section */
		E308DAF918F98618005AA4D7 /* Project object */ = {
			isa = PBXProject;
			attributes = {
				LastUpgradeCheck = 0510;
				ORGANIZATIONNAME = "Appy Days";
				TargetAttributes = {
					E308DB2118F98618005AA4D7 = {
						TestTargetID = E308DB0018F98618005AA4D7;
					};
				};
			};
			buildConfigurationList = E308DAFC18F98618005AA4D7 /* Build configuration list for PBXProject "BookLibrary" */;
			compatibilityVersion = "Xcode 3.2";
			developmentRegion = English;
			hasScannedForEncodings = 0;
			knownRegions = (
				en,
				Base,
			);
			mainGroup = E308DAF818F98618005AA4D7;
			productRefGroup = E308DB0218F98618005AA4D7 /* Products */;
			projectDirPath = "";
			projectRoot = "";
			targets = (
				E308DB0018F98618005AA4D7 /* BookLibrary */,
				E308DB2118F98618005AA4D7 /* BookLibraryTests */,
			);
		};
/* End PBXProject section */

/* Begin PBXResourcesBuildPhase section */
		E308DAFF18F98618005AA4D7 /* Resources */ = {
			isa = PBXResourcesBuildPhase;
			buildActionMask = 2147483647;
			files = (
				E308DB3B18F986E6005AA4D7 /* dropdown.png in Resources */,
				E308DB1D18F98618005AA4D7 /* Images.xcassets in Resources */,
				E308DB0F18F98618005AA4D7 /* InfoPlist.strings in Resources */,
				E308DB1818F98618005AA4D7 /* Main.storyboard in Resources */,
			);
			runOnlyForDeploymentPostprocessing = 0;
		};
		E308DB2018F98618005AA4D7 /* Resources */ = {
			isa = PBXResourcesBuildPhase;
			buildActionMask = 2147483647;
			files = (
				E308DB2E18F98618005AA4D7 /* InfoPlist.strings in Resources */,
			);
			runOnlyForDeploymentPostprocessing = 0;
		};
/* End PBXResourcesBuildPhase section */

/* Begin PBXSourcesBuildPhase section */
		E308DAFD18F98618005AA4D7 /* Sources */ = {
			isa = PBXSourcesBuildPhase;
			buildActionMask = 2147483647;
			files = (
				E3B4AEC0190C022800F1BD18 /* BookManager.m in Sources */,
				E308DB1518F98618005AA4D7 /* AppDelegate.m in Sources */,
				E38ACB2D18FCDD99002C110D /* MyBookSearch.m in Sources */,
				E308DB4118F986FD005AA4D7 /* Registration.m in Sources */,
				E34231A8191B27AC0069E856 /* LoanDetail.m in Sources */,
				E38ACB3318FCE707002C110D /* BookDetails.m in Sources */,
				E3F10C6D1910A48A006DF2BE /* BookReviews.m in Sources */,
				E3656A5E1905642A0084A562 /* Book.m in Sources */,
				E3DE97971919F15C007527AF /* AccountSettings.m in Sources */,
				E3656A571904826C0084A562 /* LoginViewController.m in Sources */,
				E3B4AEC3190C05C000F1BD18 /* RESTService.m in Sources */,
				E3656A581904826C0084A562 /* MyLibrary.m in Sources */,
				E308DB4018F986FD005AA4D7 /* PasswordHelp.m in Sources */,
				E3B4AEBD190BFCDB00F1BD18 /* User.m in Sources */,
				E366131B1919C27F00858E19 /* ResponseObject.m in Sources */,
				E3F10C6A1910A083006DF2BE /* Review.m in Sources */,
				E38ACB2918FCDB48002C110D /* BookSearch.m in Sources */,
				E3DBDAF318F9A3F000B7D2D7 /* Home.m in Sources */,
				E308DB1118F98618005AA4D7 /* main.m in Sources */,
				E3B4AEBA190BFC6A00F1BD18 /* Account.m in Sources */,
				E3F10C6719109393006DF2BE /* LendersViewController.m in Sources */,
				E3B5C778190EC464006760EE /* BookDetailTabController.m in Sources */,
			);
			runOnlyForDeploymentPostprocessing = 0;
		};
		E308DB1E18F98618005AA4D7 /* Sources */ = {
			isa = PBXSourcesBuildPhase;
			buildActionMask = 2147483647;
			files = (
				E308DB3018F98618005AA4D7 /* BookLibraryTests.m in Sources */,
			);
			runOnlyForDeploymentPostprocessing = 0;
		};
/* End PBXSourcesBuildPhase section */

/* Begin PBXTargetDependency section */
		E308DB2818F98618005AA4D7 /* PBXTargetDependency */ = {
			isa = PBXTargetDependency;
			target = E308DB0018F98618005AA4D7 /* BookLibrary */;
			targetProxy = E308DB2718F98618005AA4D7 /* PBXContainerItemProxy */;
		};
/* End PBXTargetDependency section */

/* Begin PBXVariantGroup section */
		E308DB0D18F98618005AA4D7 /* InfoPlist.strings */ = {
			isa = PBXVariantGroup;
			children = (
				E308DB0E18F98618005AA4D7 /* en */,
			);
			name = InfoPlist.strings;
			sourceTree = "<group>";
		};
		E308DB1618F98618005AA4D7 /* Main.storyboard */ = {
			isa = PBXVariantGroup;
			children = (
				E308DB1718F98618005AA4D7 /* Base */,
			);
			name = Main.storyboard;
			sourceTree = "<group>";
		};
		E308DB2C18F98618005AA4D7 /* InfoPlist.strings */ = {
			isa = PBXVariantGroup;
			children = (
				E308DB2D18F98618005AA4D7 /* en */,
			);
			name = InfoPlist.strings;
			sourceTree = "<group>";
		};
/* End PBXVariantGroup section */

/* Begin XCBuildConfiguration section */
		E308DB3118F98618005AA4D7 /* Debug */ = {
			isa = XCBuildConfiguration;
			buildSettings = {
				ALWAYS_SEARCH_USER_PATHS = NO;
				CLANG_CXX_LANGUAGE_STANDARD = "gnu++0x";
				CLANG_CXX_LIBRARY = "libc++";
				CLANG_ENABLE_MODULES = YES;
				CLANG_ENABLE_OBJC_ARC = YES;
				CLANG_WARN_BOOL_CONVERSION = YES;
				CLANG_WARN_CONSTANT_CONVERSION = YES;
				CLANG_WARN_DIRECT_OBJC_ISA_USAGE = YES_ERROR;
				CLANG_WARN_EMPTY_BODY = YES;
				CLANG_WARN_ENUM_CONVERSION = YES;
				CLANG_WARN_INT_CONVERSION = YES;
				CLANG_WARN_OBJC_ROOT_CLASS = YES_ERROR;
				CLANG_WARN__DUPLICATE_METHOD_MATCH = YES;
				"CODE_SIGN_IDENTITY[sdk=iphoneos*]" = "iPhone Developer";
				COPY_PHASE_STRIP = NO;
				GCC_C_LANGUAGE_STANDARD = gnu99;
				GCC_DYNAMIC_NO_PIC = NO;
				GCC_OPTIMIZATION_LEVEL = 0;
				GCC_PREPROCESSOR_DEFINITIONS = (
					"DEBUG=1",
					"$(inherited)",
				);
				GCC_SYMBOLS_PRIVATE_EXTERN = NO;
				GCC_WARN_64_TO_32_BIT_CONVERSION = YES;
				GCC_WARN_ABOUT_RETURN_TYPE = YES_ERROR;
				GCC_WARN_UNDECLARED_SELECTOR = YES;
				GCC_WARN_UNINITIALIZED_AUTOS = YES_AGGRESSIVE;
				GCC_WARN_UNUSED_FUNCTION = YES;
				GCC_WARN_UNUSED_VARIABLE = YES;
				IPHONEOS_DEPLOYMENT_TARGET = 7.1;
				ONLY_ACTIVE_ARCH = YES;
				SDKROOT = iphoneos;
			};
			name = Debug;
		};
		E308DB3218F98618005AA4D7 /* Release */ = {
			isa = XCBuildConfiguration;
			buildSettings = {
				ALWAYS_SEARCH_USER_PATHS = NO;
				CLANG_CXX_LANGUAGE_STANDARD = "gnu++0x";
				CLANG_CXX_LIBRARY = "libc++";
				CLANG_ENABLE_MODULES = YES;
				CLANG_ENABLE_OBJC_ARC = YES;
				CLANG_WARN_BOOL_CONVERSION = YES;
				CLANG_WARN_CONSTANT_CONVERSION = YES;
				CLANG_WARN_DIRECT_OBJC_ISA_USAGE = YES_ERROR;
				CLANG_WARN_EMPTY_BODY = YES;
				CLANG_WARN_ENUM_CONVERSION = YES;
				CLANG_WARN_INT_CONVERSION = YES;
				CLANG_WARN_OBJC_ROOT_CLASS = YES_ERROR;
				CLANG_WARN__DUPLICATE_METHOD_MATCH = YES;
				"CODE_SIGN_IDENTITY[sdk=iphoneos*]" = "iPhone Developer";
				COPY_PHASE_STRIP = YES;
				ENABLE_NS_ASSERTIONS = NO;
				GCC_C_LANGUAGE_STANDARD = gnu99;
				GCC_WARN_64_TO_32_BIT_CONVERSION = YES;
				GCC_WARN_ABOUT_RETURN_TYPE = YES_ERROR;
				GCC_WARN_UNDECLARED_SELECTOR = YES;
				GCC_WARN_UNINITIALIZED_AUTOS = YES_AGGRESSIVE;
				GCC_WARN_UNUSED_FUNCTION = YES;
				GCC_WARN_UNUSED_VARIABLE = YES;
				IPHONEOS_DEPLOYMENT_TARGET = 7.1;
				SDKROOT = iphoneos;
				VALIDATE_PRODUCT = YES;
			};
			name = Release;
		};
		E308DB3418F98618005AA4D7 /* Debug */ = {
			isa = XCBuildConfiguration;
			buildSettings = {
				ASSETCATALOG_COMPILER_APPICON_NAME = AppIcon;
				ASSETCATALOG_COMPILER_LAUNCHIMAGE_NAME = LaunchImage;
				GCC_PRECOMPILE_PREFIX_HEADER = YES;
				GCC_PREFIX_HEADER = "BookLibrary/BookLibrary-Prefix.pch";
				INFOPLIST_FILE = "BookLibrary/BookLibrary-Info.plist";
				PRODUCT_NAME = "$(TARGET_NAME)";
				WRAPPER_EXTENSION = app;
			};
			name = Debug;
		};
		E308DB3518F98618005AA4D7 /* Release */ = {
			isa = XCBuildConfiguration;
			buildSettings = {
				ASSETCATALOG_COMPILER_APPICON_NAME = AppIcon;
				ASSETCATALOG_COMPILER_LAUNCHIMAGE_NAME = LaunchImage;
				GCC_PRECOMPILE_PREFIX_HEADER = YES;
				GCC_PREFIX_HEADER = "BookLibrary/BookLibrary-Prefix.pch";
				INFOPLIST_FILE = "BookLibrary/BookLibrary-Info.plist";
				PRODUCT_NAME = "$(TARGET_NAME)";
				WRAPPER_EXTENSION = app;
			};
			name = Release;
		};
		E308DB3718F98618005AA4D7 /* Debug */ = {
			isa = XCBuildConfiguration;
			buildSettings = {
				BUNDLE_LOADER = "$(BUILT_PRODUCTS_DIR)/BookLibrary.app/BookLibrary";
				FRAMEWORK_SEARCH_PATHS = (
					"$(SDKROOT)/Developer/Library/Frameworks",
					"$(inherited)",
					"$(DEVELOPER_FRAMEWORKS_DIR)",
				);
				GCC_PRECOMPILE_PREFIX_HEADER = YES;
				GCC_PREFIX_HEADER = "BookLibrary/BookLibrary-Prefix.pch";
				GCC_PREPROCESSOR_DEFINITIONS = (
					"DEBUG=1",
					"$(inherited)",
				);
				INFOPLIST_FILE = "BookLibraryTests/BookLibraryTests-Info.plist";
				PRODUCT_NAME = "$(TARGET_NAME)";
				TEST_HOST = "$(BUNDLE_LOADER)";
				WRAPPER_EXTENSION = xctest;
			};
			name = Debug;
		};
		E308DB3818F98618005AA4D7 /* Release */ = {
			isa = XCBuildConfiguration;
			buildSettings = {
				BUNDLE_LOADER = "$(BUILT_PRODUCTS_DIR)/BookLibrary.app/BookLibrary";
				FRAMEWORK_SEARCH_PATHS = (
					"$(SDKROOT)/Developer/Library/Frameworks",
					"$(inherited)",
					"$(DEVELOPER_FRAMEWORKS_DIR)",
				);
				GCC_PRECOMPILE_PREFIX_HEADER = YES;
				GCC_PREFIX_HEADER = "BookLibrary/BookLibrary-Prefix.pch";
				INFOPLIST_FILE = "BookLibraryTests/BookLibraryTests-Info.plist";
				PRODUCT_NAME = "$(TARGET_NAME)";
				TEST_HOST = "$(BUNDLE_LOADER)";
				WRAPPER_EXTENSION = xctest;
			};
			name = Release;
		};
/* End XCBuildConfiguration section */

/* Begin XCConfigurationList section */
		E308DAFC18F98618005AA4D7 /* Build configuration list for PBXProject "BookLibrary" */ = {
			isa = XCConfigurationList;
			buildConfigurations = (
				E308DB3118F98618005AA4D7 /* Debug */,
				E308DB3218F98618005AA4D7 /* Release */,
			);
			defaultConfigurationIsVisible = 0;
			defaultConfigurationName = Release;
		};
		E308DB3318F98618005AA4D7 /* Build configuration list for PBXNativeTarget "BookLibrary" */ = {
			isa = XCConfigurationList;
			buildConfigurations = (
				E308DB3418F98618005AA4D7 /* Debug */,
				E308DB3518F98618005AA4D7 /* Release */,
			);
			defaultConfigurationIsVisible = 0;
			defaultConfigurationName = Release;
		};
		E308DB3618F98618005AA4D7 /* Build configuration list for PBXNativeTarget "BookLibraryTests" */ = {
			isa = XCConfigurationList;
			buildConfigurations = (
				E308DB3718F98618005AA4D7 /* Debug */,
				E308DB3818F98618005AA4D7 /* Release */,
			);
			defaultConfigurationIsVisible = 0;
			defaultConfigurationName = Release;
		};
/* End XCConfigurationList section */
	};
	rootObject = E308DAF918F98618005AA4D7 /* Project object */;
}
